// !$*UTF8*$!
{
	archiveVersion = 1;
	classes = {
	};
	objectVersion = 46;
	objects = {

/* Begin PBXBuildFile section */
		3482151A1C7EF39300F4239F /* MDSPullAnimationView.m in Sources */ = {isa = PBXBuildFile; fileRef = 348215171C7EF39300F4239F /* MDSPullAnimationView.m */; };
		3482151B1C7EF39300F4239F /* MDSShadeViewAnimationView.m in Sources */ = {isa = PBXBuildFile; fileRef = 348215191C7EF39300F4239F /* MDSShadeViewAnimationView.m */; };
		349DB4E91C79CC7A005AD278 /* MDSArticleDetailViewController.m in Sources */ = {isa = PBXBuildFile; fileRef = 349DB4B71C79CC7A005AD278 /* MDSArticleDetailViewController.m */; };
		349DB4EA1C79CC7A005AD278 /* MDSArticleDetailViewController.xib in Resources */ = {isa = PBXBuildFile; fileRef = 349DB4B81C79CC7A005AD278 /* MDSArticleDetailViewController.xib */; };
		349DB4EB1C79CC7A005AD278 /* MDSArticleListViewController.m in Sources */ = {isa = PBXBuildFile; fileRef = 349DB4BC1C79CC7A005AD278 /* MDSArticleListViewController.m */; };
		349DB4EC1C79CC7A005AD278 /* MDSArticleListViewController.xib in Resources */ = {isa = PBXBuildFile; fileRef = 349DB4BD1C79CC7A005AD278 /* MDSArticleListViewController.xib */; };
		349DB4ED1C79CC7A005AD278 /* MDSAritcleCell.m in Sources */ = {isa = PBXBuildFile; fileRef = 349DB4C01C79CC7A005AD278 /* MDSAritcleCell.m */; };
		349DB4EE1C79CC7A005AD278 /* MDSAritcleCell.xib in Resources */ = {isa = PBXBuildFile; fileRef = 349DB4C11C79CC7A005AD278 /* MDSAritcleCell.xib */; };
		349DB4EF1C79CC7A005AD278 /* MDSSearchView.m in Sources */ = {isa = PBXBuildFile; fileRef = 349DB4C31C79CC7A005AD278 /* MDSSearchView.m */; };
		349DB4F01C79CC7A005AD278 /* MDSSearchView.xib in Resources */ = {isa = PBXBuildFile; fileRef = 349DB4C41C79CC7A005AD278 /* MDSSearchView.xib */; };
		349DB4F11C79CC7A005AD278 /* MDSNavigationController.m in Sources */ = {isa = PBXBuildFile; fileRef = 349DB4C81C79CC7A005AD278 /* MDSNavigationController.m */; };
		349DB4F21C79CC7A005AD278 /* SVIndefiniteAnimatedView.m in Sources */ = {isa = PBXBuildFile; fileRef = 349DB4CC1C79CC7A005AD278 /* SVIndefiniteAnimatedView.m */; };
		349DB4F31C79CC7A005AD278 /* SVProgressHUD.bundle in Resources */ = {isa = PBXBuildFile; fileRef = 349DB4CD1C79CC7A005AD278 /* SVProgressHUD.bundle */; };
		349DB4F41C79CC7A005AD278 /* SVProgressHUD.m in Sources */ = {isa = PBXBuildFile; fileRef = 349DB4CF1C79CC7A005AD278 /* SVProgressHUD.m */; };
		349DB4F51C79CC7A005AD278 /* SVRadialGradientLayer.m in Sources */ = {isa = PBXBuildFile; fileRef = 349DB4D11C79CC7A005AD278 /* SVRadialGradientLayer.m */; };
		349DB4F61C79CC7A005AD278 /* AppDelegate.m in Sources */ = {isa = PBXBuildFile; fileRef = 349DB4D41C79CC7A005AD278 /* AppDelegate.m */; };
		349DB4F71C79CC7A005AD278 /* main.m in Sources */ = {isa = PBXBuildFile; fileRef = 349DB4D51C79CC7A005AD278 /* main.m */; };
		349DB4F81C79CC7A005AD278 /* Article+CoreDataProperties.m in Sources */ = {isa = PBXBuildFile; fileRef = 349DB4D91C79CC7A005AD278 /* Article+CoreDataProperties.m */; };
		349DB4F91C79CC7A005AD278 /* Article.m in Sources */ = {isa = PBXBuildFile; fileRef = 349DB4DB1C79CC7A005AD278 /* Article.m */; };
		349DB4FA1C79CC7A005AD278 /* Meditashayne.xcdatamodeld in Sources */ = {isa = PBXBuildFile; fileRef = 349DB4DC1C79CC7A005AD278 /* Meditashayne.xcdatamodeld */; };
		349DB4FB1C79CC7A005AD278 /* MDSCoreDataAccess.m in Sources */ = {isa = PBXBuildFile; fileRef = 349DB4E01C79CC7A005AD278 /* MDSCoreDataAccess.m */; };
		349DB4FD1C79CC7A005AD278 /* MDSPullUpToMore.m in Sources */ = {isa = PBXBuildFile; fileRef = 349DB4E41C79CC7A005AD278 /* MDSPullUpToMore.m */; };
		349DB4FE1C79CC7A005AD278 /* MDSResponse.m in Sources */ = {isa = PBXBuildFile; fileRef = 349DB4E61C79CC7A005AD278 /* MDSResponse.m */; };
		349DB4FF1C79CC7A005AD278 /* MDSTool.m in Sources */ = {isa = PBXBuildFile; fileRef = 349DB4E81C79CC7A005AD278 /* MDSTool.m */; };
		34F1FDF91C5EF36000633BD9 /* Main.storyboard in Resources */ = {isa = PBXBuildFile; fileRef = 34F1FDF71C5EF36000633BD9 /* Main.storyboard */; };
		34F1FDFE1C5EF36000633BD9 /* Assets.xcassets in Resources */ = {isa = PBXBuildFile; fileRef = 34F1FDFD1C5EF36000633BD9 /* Assets.xcassets */; };
		34F1FE011C5EF36000633BD9 /* LaunchScreen.storyboard in Resources */ = {isa = PBXBuildFile; fileRef = 34F1FDFF1C5EF36000633BD9 /* LaunchScreen.storyboard */; };
/* End PBXBuildFile section */

/* Begin PBXFileReference section */
		3413B6AB1C61A02C000B2AB7 /* PrefixHeader.pch */ = {isa = PBXFileReference; lastKnownFileType = sourcecode.c.h; path = PrefixHeader.pch; sourceTree = "<group>"; };
		348215161C7EF39300F4239F /* MDSPullAnimationView.h */ = {isa = PBXFileReference; fileEncoding = 4; lastKnownFileType = sourcecode.c.h; path = MDSPullAnimationView.h; sourceTree = "<group>"; };
		348215171C7EF39300F4239F /* MDSPullAnimationView.m */ = {isa = PBXFileReference; fileEncoding = 4; lastKnownFileType = sourcecode.c.objc; path = MDSPullAnimationView.m; sourceTree = "<group>"; };
		348215181C7EF39300F4239F /* MDSShadeViewAnimationView.h */ = {isa = PBXFileReference; fileEncoding = 4; lastKnownFileType = sourcecode.c.h; path = MDSShadeViewAnimationView.h; sourceTree = "<group>"; };
		348215191C7EF39300F4239F /* MDSShadeViewAnimationView.m */ = {isa = PBXFileReference; fileEncoding = 4; lastKnownFileType = sourcecode.c.objc; path = MDSShadeViewAnimationView.m; sourceTree = "<group>"; };
		349DB4B61C79CC7A005AD278 /* MDSArticleDetailViewController.h */ = {isa = PBXFileReference; fileEncoding = 4; lastKnownFileType = sourcecode.c.h; path = MDSArticleDetailViewController.h; sourceTree = "<group>"; };
		349DB4B71C79CC7A005AD278 /* MDSArticleDetailViewController.m */ = {isa = PBXFileReference; fileEncoding = 4; lastKnownFileType = sourcecode.c.objc; path = MDSArticleDetailViewController.m; sourceTree = "<group>"; };
		349DB4B81C79CC7A005AD278 /* MDSArticleDetailViewController.xib */ = {isa = PBXFileReference; fileEncoding = 4; lastKnownFileType = file.xib; path = MDSArticleDetailViewController.xib; sourceTree = "<group>"; };
		349DB4BB1C79CC7A005AD278 /* MDSArticleListViewController.h */ = {isa = PBXFileReference; fileEncoding = 4; lastKnownFileType = sourcecode.c.h; path = MDSArticleListViewController.h; sourceTree = "<group>"; };
		349DB4BC1C79CC7A005AD278 /* MDSArticleListViewController.m */ = {isa = PBXFileReference; fileEncoding = 4; lastKnownFileType = sourcecode.c.objc; path = MDSArticleListViewController.m; sourceTree = "<group>"; };
		349DB4BD1C79CC7A005AD278 /* MDSArticleListViewController.xib */ = {isa = PBXFileReference; fileEncoding = 4; lastKnownFileType = file.xib; path = MDSArticleListViewController.xib; sourceTree = "<group>"; };
		349DB4BF1C79CC7A005AD278 /* MDSAritcleCell.h */ = {isa = PBXFileReference; fileEncoding = 4; lastKnownFileType = sourcecode.c.h; path = MDSAritcleCell.h; sourceTree = "<group>"; };
		349DB4C01C79CC7A005AD278 /* MDSAritcleCell.m */ = {isa = PBXFileReference; fileEncoding = 4; lastKnownFileType = sourcecode.c.objc; path = MDSAritcleCell.m; sourceTree = "<group>"; };
		349DB4C11C79CC7A005AD278 /* MDSAritcleCell.xib */ = {isa = PBXFileReference; fileEncoding = 4; lastKnownFileType = file.xib; path = MDSAritcleCell.xib; sourceTree = "<group>"; };
		349DB4C21C79CC7A005AD278 /* MDSSearchView.h */ = {isa = PBXFileReference; fileEncoding = 4; lastKnownFileType = sourcecode.c.h; path = MDSSearchView.h; sourceTree = "<group>"; };
		349DB4C31C79CC7A005AD278 /* MDSSearchView.m */ = {isa = PBXFileReference; fileEncoding = 4; lastKnownFileType = sourcecode.c.objc; path = MDSSearchView.m; sourceTree = "<group>"; };
		349DB4C41C79CC7A005AD278 /* MDSSearchView.xib */ = {isa = PBXFileReference; fileEncoding = 4; lastKnownFileType = file.xib; path = MDSSearchView.xib; sourceTree = "<group>"; };
		349DB4C71C79CC7A005AD278 /* MDSNavigationController.h */ = {isa = PBXFileReference; fileEncoding = 4; lastKnownFileType = sourcecode.c.h; path = MDSNavigationController.h; sourceTree = "<group>"; };
		349DB4C81C79CC7A005AD278 /* MDSNavigationController.m */ = {isa = PBXFileReference; fileEncoding = 4; lastKnownFileType = sourcecode.c.objc; path = MDSNavigationController.m; sourceTree = "<group>"; };
		349DB4CB1C79CC7A005AD278 /* SVIndefiniteAnimatedView.h */ = {isa = PBXFileReference; fileEncoding = 4; lastKnownFileType = sourcecode.c.h; path = SVIndefiniteAnimatedView.h; sourceTree = "<group>"; };
		349DB4CC1C79CC7A005AD278 /* SVIndefiniteAnimatedView.m */ = {isa = PBXFileReference; fileEncoding = 4; lastKnownFileType = sourcecode.c.objc; path = SVIndefiniteAnimatedView.m; sourceTree = "<group>"; };
		349DB4CD1C79CC7A005AD278 /* SVProgressHUD.bundle */ = {isa = PBXFileReference; lastKnownFileType = "wrapper.plug-in"; path = SVProgressHUD.bundle; sourceTree = "<group>"; };
		349DB4CE1C79CC7A005AD278 /* SVProgressHUD.h */ = {isa = PBXFileReference; fileEncoding = 4; lastKnownFileType = sourcecode.c.h; path = SVProgressHUD.h; sourceTree = "<group>"; };
		349DB4CF1C79CC7A005AD278 /* SVProgressHUD.m */ = {isa = PBXFileReference; fileEncoding = 4; lastKnownFileType = sourcecode.c.objc; path = SVProgressHUD.m; sourceTree = "<group>"; };
		349DB4D01C79CC7A005AD278 /* SVRadialGradientLayer.h */ = {isa = PBXFileReference; fileEncoding = 4; lastKnownFileType = sourcecode.c.h; path = SVRadialGradientLayer.h; sourceTree = "<group>"; };
		349DB4D11C79CC7A005AD278 /* SVRadialGradientLayer.m */ = {isa = PBXFileReference; fileEncoding = 4; lastKnownFileType = sourcecode.c.objc; path = SVRadialGradientLayer.m; sourceTree = "<group>"; };
		349DB4D31C79CC7A005AD278 /* AppDelegate.h */ = {isa = PBXFileReference; fileEncoding = 4; lastKnownFileType = sourcecode.c.h; path = AppDelegate.h; sourceTree = "<group>"; };
		349DB4D41C79CC7A005AD278 /* AppDelegate.m */ = {isa = PBXFileReference; fileEncoding = 4; lastKnownFileType = sourcecode.c.objc; path = AppDelegate.m; sourceTree = "<group>"; };
		349DB4D51C79CC7A005AD278 /* main.m */ = {isa = PBXFileReference; fileEncoding = 4; lastKnownFileType = sourcecode.c.objc; path = main.m; sourceTree = "<group>"; };
		349DB4D61C79CC7A005AD278 /* MDSConstant.h */ = {isa = PBXFileReference; fileEncoding = 4; lastKnownFileType = sourcecode.c.h; path = MDSConstant.h; sourceTree = "<group>"; };
		349DB4D81C79CC7A005AD278 /* Article+CoreDataProperties.h */ = {isa = PBXFileReference; fileEncoding = 4; lastKnownFileType = sourcecode.c.h; path = "Article+CoreDataProperties.h"; sourceTree = "<group>"; };
		349DB4D91C79CC7A005AD278 /* Article+CoreDataProperties.m */ = {isa = PBXFileReference; fileEncoding = 4; lastKnownFileType = sourcecode.c.objc; path = "Article+CoreDataProperties.m"; sourceTree = "<group>"; };
		349DB4DA1C79CC7A005AD278 /* Article.h */ = {isa = PBXFileReference; fileEncoding = 4; lastKnownFileType = sourcecode.c.h; path = Article.h; sourceTree = "<group>"; };
		349DB4DB1C79CC7A005AD278 /* Article.m */ = {isa = PBXFileReference; fileEncoding = 4; lastKnownFileType = sourcecode.c.objc; path = Article.m; sourceTree = "<group>"; };
		349DB4DD1C79CC7A005AD278 /* Meditashayne.xcdatamodel */ = {isa = PBXFileReference; lastKnownFileType = wrapper.xcdatamodel; path = Meditashayne.xcdatamodel; sourceTree = "<group>"; };
		349DB4DF1C79CC7A005AD278 /* MDSCoreDataAccess.h */ = {isa = PBXFileReference; fileEncoding = 4; lastKnownFileType = sourcecode.c.h; path = MDSCoreDataAccess.h; sourceTree = "<group>"; };
		349DB4E01C79CC7A005AD278 /* MDSCoreDataAccess.m */ = {isa = PBXFileReference; fileEncoding = 4; lastKnownFileType = sourcecode.c.objc; path = MDSCoreDataAccess.m; sourceTree = "<group>"; };
		349DB4E31C79CC7A005AD278 /* MDSPullUpToMore.h */ = {isa = PBXFileReference; fileEncoding = 4; lastKnownFileType = sourcecode.c.h; path = MDSPullUpToMore.h; sourceTree = "<group>"; };
		349DB4E41C79CC7A005AD278 /* MDSPullUpToMore.m */ = {isa = PBXFileReference; fileEncoding = 4; lastKnownFileType = sourcecode.c.objc; path = MDSPullUpToMore.m; sourceTree = "<group>"; };
		349DB4E51C79CC7A005AD278 /* MDSResponse.h */ = {isa = PBXFileReference; fileEncoding = 4; lastKnownFileType = sourcecode.c.h; path = MDSResponse.h; sourceTree = "<group>"; };
		349DB4E61C79CC7A005AD278 /* MDSResponse.m */ = {isa = PBXFileReference; fileEncoding = 4; lastKnownFileType = sourcecode.c.objc; path = MDSResponse.m; sourceTree = "<group>"; };
		349DB4E71C79CC7A005AD278 /* MDSTool.h */ = {isa = PBXFileReference; fileEncoding = 4; lastKnownFileType = sourcecode.c.h; path = MDSTool.h; sourceTree = "<group>"; };
		349DB4E81C79CC7A005AD278 /* MDSTool.m */ = {isa = PBXFileReference; fileEncoding = 4; lastKnownFileType = sourcecode.c.objc; path = MDSTool.m; sourceTree = "<group>"; };
		34F1FDEB1C5EF35F00633BD9 /* Meditashayne.app */ = {isa = PBXFileReference; explicitFileType = wrapper.application; includeInIndex = 0; path = Meditashayne.app; sourceTree = BUILT_PRODUCTS_DIR; };
		34F1FDF81C5EF36000633BD9 /* Base */ = {isa = PBXFileReference; lastKnownFileType = file.storyboard; name = Base; path = Base.lproj/Main.storyboard; sourceTree = "<group>"; };
		34F1FDFD1C5EF36000633BD9 /* Assets.xcassets */ = {isa = PBXFileReference; lastKnownFileType = folder.assetcatalog; path = Assets.xcassets; sourceTree = "<group>"; };
		34F1FE001C5EF36000633BD9 /* Base */ = {isa = PBXFileReference; lastKnownFileType = file.storyboard; name = Base; path = Base.lproj/LaunchScreen.storyboard; sourceTree = "<group>"; };
		34F1FE021C5EF36000633BD9 /* Info.plist */ = {isa = PBXFileReference; lastKnownFileType = text.plist.xml; path = Info.plist; sourceTree = "<group>"; };
		34F1FE0B1C5EF36000633BD9 /* MeditashayneTests.m */ = {isa = PBXFileReference; lastKnownFileType = sourcecode.c.objc; path = MeditashayneTests.m; sourceTree = "<group>"; };
		34F1FE0D1C5EF36000633BD9 /* Info.plist */ = {isa = PBXFileReference; lastKnownFileType = text.plist.xml; path = Info.plist; sourceTree = "<group>"; };
		34F1FE161C5EF36000633BD9 /* MeditashayneUITests.m */ = {isa = PBXFileReference; lastKnownFileType = sourcecode.c.objc; path = MeditashayneUITests.m; sourceTree = "<group>"; };
		34F1FE181C5EF36000633BD9 /* Info.plist */ = {isa = PBXFileReference; lastKnownFileType = text.plist.xml; path = Info.plist; sourceTree = "<group>"; };
/* End PBXFileReference section */

/* Begin PBXFrameworksBuildPhase section */
		34F1FDE81C5EF35F00633BD9 /* Frameworks */ = {
			isa = PBXFrameworksBuildPhase;
			buildActionMask = 2147483647;
			files = (
			);
			runOnlyForDeploymentPostprocessing = 0;
		};
/* End PBXFrameworksBuildPhase section */

/* Begin PBXGroup section */
		348215151C7EF39300F4239F /* View */ = {
			isa = PBXGroup;
			children = (
				348215161C7EF39300F4239F /* MDSPullAnimationView.h */,
				348215171C7EF39300F4239F /* MDSPullAnimationView.m */,
				348215181C7EF39300F4239F /* MDSShadeViewAnimationView.h */,
				348215191C7EF39300F4239F /* MDSShadeViewAnimationView.m */,
			);
			path = View;
			sourceTree = "<group>";
		};
		349DB4B31C79CC7A005AD278 /* Classes */ = {
			isa = PBXGroup;
			children = (
				349DB4C51C79CC7A005AD278 /* Public(公共) */,
				349DB4B91C79CC7A005AD278 /* List(随笔列表) */,
				349DB4B41C79CC7A005AD278 /* Detail(随笔详情) */,
			);
			path = Classes;
			sourceTree = "<group>";
		};
		349DB4B41C79CC7A005AD278 /* Detail(随笔详情) */ = {
			isa = PBXGroup;
			children = (
				349DB4B51C79CC7A005AD278 /* Controller */,
			);
			path = "Detail(随笔详情)";
			sourceTree = "<group>";
		};
		349DB4B51C79CC7A005AD278 /* Controller */ = {
			isa = PBXGroup;
			children = (
				349DB4B61C79CC7A005AD278 /* MDSArticleDetailViewController.h */,
				349DB4B71C79CC7A005AD278 /* MDSArticleDetailViewController.m */,
				349DB4B81C79CC7A005AD278 /* MDSArticleDetailViewController.xib */,
			);
			path = Controller;
			sourceTree = "<group>";
		};
		349DB4B91C79CC7A005AD278 /* List(随笔列表) */ = {
			isa = PBXGroup;
			children = (
				349DB4BA1C79CC7A005AD278 /* Controller */,
				349DB4BE1C79CC7A005AD278 /* View */,
			);
			path = "List(随笔列表)";
			sourceTree = "<group>";
		};
		349DB4BA1C79CC7A005AD278 /* Controller */ = {
			isa = PBXGroup;
			children = (
				349DB4BB1C79CC7A005AD278 /* MDSArticleListViewController.h */,
				349DB4BC1C79CC7A005AD278 /* MDSArticleListViewController.m */,
				349DB4BD1C79CC7A005AD278 /* MDSArticleListViewController.xib */,
			);
			path = Controller;
			sourceTree = "<group>";
		};
		349DB4BE1C79CC7A005AD278 /* View */ = {
			isa = PBXGroup;
			children = (
				349DB4BF1C79CC7A005AD278 /* MDSAritcleCell.h */,
				349DB4C01C79CC7A005AD278 /* MDSAritcleCell.m */,
				349DB4C11C79CC7A005AD278 /* MDSAritcleCell.xib */,
				349DB4C21C79CC7A005AD278 /* MDSSearchView.h */,
				349DB4C31C79CC7A005AD278 /* MDSSearchView.m */,
				349DB4C41C79CC7A005AD278 /* MDSSearchView.xib */,
			);
			path = View;
			sourceTree = "<group>";
		};
		349DB4C51C79CC7A005AD278 /* Public(公共) */ = {
			isa = PBXGroup;
			children = (
				349DB4D21C79CC7A005AD278 /* Main */,
				349DB4D71C79CC7A005AD278 /* Model */,
				348215151C7EF39300F4239F /* View */,
				349DB4C61C79CC7A005AD278 /* Controller */,
				349DB4DE1C79CC7A005AD278 /* Tool */,
				349DB4C91C79CC7A005AD278 /* Lib */,
			);
			path = "Public(公共)";
			sourceTree = "<group>";
		};
		349DB4C61C79CC7A005AD278 /* Controller */ = {
			isa = PBXGroup;
			children = (
				349DB4C71C79CC7A005AD278 /* MDSNavigationController.h */,
				349DB4C81C79CC7A005AD278 /* MDSNavigationController.m */,
			);
			path = Controller;
			sourceTree = "<group>";
		};
		349DB4C91C79CC7A005AD278 /* Lib */ = {
			isa = PBXGroup;
			children = (
				349DB4CA1C79CC7A005AD278 /* SVProgressHUD */,
			);
			path = Lib;
			sourceTree = "<group>";
		};
		349DB4CA1C79CC7A005AD278 /* SVProgressHUD */ = {
			isa = PBXGroup;
			children = (
				349DB4CB1C79CC7A005AD278 /* SVIndefiniteAnimatedView.h */,
				349DB4CC1C79CC7A005AD278 /* SVIndefiniteAnimatedView.m */,
				349DB4CD1C79CC7A005AD278 /* SVProgressHUD.bundle */,
				349DB4CE1C79CC7A005AD278 /* SVProgressHUD.h */,
				349DB4CF1C79CC7A005AD278 /* SVProgressHUD.m */,
				349DB4D01C79CC7A005AD278 /* SVRadialGradientLayer.h */,
				349DB4D11C79CC7A005AD278 /* SVRadialGradientLayer.m */,
			);
			path = SVProgressHUD;
			sourceTree = "<group>";
		};
		349DB4D21C79CC7A005AD278 /* Main */ = {
			isa = PBXGroup;
			children = (
				349DB4D31C79CC7A005AD278 /* AppDelegate.h */,
				349DB4D41C79CC7A005AD278 /* AppDelegate.m */,
				349DB4D51C79CC7A005AD278 /* main.m */,
				349DB4D61C79CC7A005AD278 /* MDSConstant.h */,
			);
			path = Main;
			sourceTree = "<group>";
		};
		349DB4D71C79CC7A005AD278 /* Model */ = {
			isa = PBXGroup;
			children = (
				349DB4D81C79CC7A005AD278 /* Article+CoreDataProperties.h */,
				349DB4D91C79CC7A005AD278 /* Article+CoreDataProperties.m */,
				349DB4DA1C79CC7A005AD278 /* Article.h */,
				349DB4DB1C79CC7A005AD278 /* Article.m */,
				349DB4DC1C79CC7A005AD278 /* Meditashayne.xcdatamodeld */,
			);
			path = Model;
			sourceTree = "<group>";
		};
		349DB4DE1C79CC7A005AD278 /* Tool */ = {
			isa = PBXGroup;
			children = (
				349DB4DF1C79CC7A005AD278 /* MDSCoreDataAccess.h */,
				349DB4E01C79CC7A005AD278 /* MDSCoreDataAccess.m */,
				349DB4E31C79CC7A005AD278 /* MDSPullUpToMore.h */,
				349DB4E41C79CC7A005AD278 /* MDSPullUpToMore.m */,
				349DB4E51C79CC7A005AD278 /* MDSResponse.h */,
				349DB4E61C79CC7A005AD278 /* MDSResponse.m */,
				349DB4E71C79CC7A005AD278 /* MDSTool.h */,
				349DB4E81C79CC7A005AD278 /* MDSTool.m */,
			);
			path = Tool;
			sourceTree = "<group>";
		};
		34F1FDE21C5EF35F00633BD9 = {
			isa = PBXGroup;
			children = (
				34F1FDED1C5EF35F00633BD9 /* Meditashayne */,
				34F1FE0A1C5EF36000633BD9 /* MeditashayneTests */,
				34F1FE151C5EF36000633BD9 /* MeditashayneUITests */,
				34F1FDEC1C5EF35F00633BD9 /* Products */,
			);
			sourceTree = "<group>";
		};
		34F1FDEC1C5EF35F00633BD9 /* Products */ = {
			isa = PBXGroup;
			children = (
				34F1FDEB1C5EF35F00633BD9 /* Meditashayne.app */,
			);
			name = Products;
			sourceTree = "<group>";
		};
		34F1FDED1C5EF35F00633BD9 /* Meditashayne */ = {
			isa = PBXGroup;
			children = (
				349DB4B31C79CC7A005AD278 /* Classes */,
				34F1FDEE1C5EF35F00633BD9 /* Supporting Files */,
			);
			path = Meditashayne;
			sourceTree = "<group>";
		};
		34F1FDEE1C5EF35F00633BD9 /* Supporting Files */ = {
			isa = PBXGroup;
			children = (
				34F1FDFD1C5EF36000633BD9 /* Assets.xcassets */,
				34F1FDF71C5EF36000633BD9 /* Main.storyboard */,
				34F1FDFF1C5EF36000633BD9 /* LaunchScreen.storyboard */,
				34F1FE021C5EF36000633BD9 /* Info.plist */,
				3413B6AB1C61A02C000B2AB7 /* PrefixHeader.pch */,
			);
			name = "Supporting Files";
			sourceTree = "<group>";
		};
		34F1FE0A1C5EF36000633BD9 /* MeditashayneTests */ = {
			isa = PBXGroup;
			children = (
				34F1FE0B1C5EF36000633BD9 /* MeditashayneTests.m */,
				34F1FE0D1C5EF36000633BD9 /* Info.plist */,
			);
			path = MeditashayneTests;
			sourceTree = "<group>";
		};
		34F1FE151C5EF36000633BD9 /* MeditashayneUITests */ = {
			isa = PBXGroup;
			children = (
				34F1FE161C5EF36000633BD9 /* MeditashayneUITests.m */,
				34F1FE181C5EF36000633BD9 /* Info.plist */,
			);
			path = MeditashayneUITests;
			sourceTree = "<group>";
		};
/* End PBXGroup section */

/* Begin PBXNativeTarget section */
		34F1FDEA1C5EF35F00633BD9 /* Meditashayne */ = {
			isa = PBXNativeTarget;
			buildConfigurationList = 34F1FE1B1C5EF36000633BD9 /* Build configuration list for PBXNativeTarget "Meditashayne" */;
			buildPhases = (
				34F1FDE71C5EF35F00633BD9 /* Sources */,
				34F1FDE81C5EF35F00633BD9 /* Frameworks */,
				34F1FDE91C5EF35F00633BD9 /* Resources */,
			);
			buildRules = (
			);
			dependencies = (
			);
			name = Meditashayne;
			productName = Meditashayne;
			productReference = 34F1FDEB1C5EF35F00633BD9 /* Meditashayne.app */;
			productType = "com.apple.product-type.application";
		};
/* End PBXNativeTarget section */

/* Begin PBXProject section */
		34F1FDE31C5EF35F00633BD9 /* Project object */ = {
			isa = PBXProject;
			attributes = {
				LastUpgradeCheck = 0720;
				ORGANIZATIONNAME = shayneyeorg;
				TargetAttributes = {
					34F1FDEA1C5EF35F00633BD9 = {
						CreatedOnToolsVersion = 7.2;
					};
				};
			};
			buildConfigurationList = 34F1FDE61C5EF35F00633BD9 /* Build configuration list for PBXProject "Meditashayne" */;
			compatibilityVersion = "Xcode 3.2";
			developmentRegion = English;
			hasScannedForEncodings = 0;
			knownRegions = (
				en,
				Base,
			);
			mainGroup = 34F1FDE21C5EF35F00633BD9;
			productRefGroup = 34F1FDEC1C5EF35F00633BD9 /* Products */;
			projectDirPath = "";
			projectRoot = "";
			targets = (
				34F1FDEA1C5EF35F00633BD9 /* Meditashayne */,
			);
		};
/* End PBXProject section */

/* Begin PBXResourcesBuildPhase section */
		34F1FDE91C5EF35F00633BD9 /* Resources */ = {
			isa = PBXResourcesBuildPhase;
			buildActionMask = 2147483647;
			files = (
				349DB4F01C79CC7A005AD278 /* MDSSearchView.xib in Resources */,
				34F1FE011C5EF36000633BD9 /* LaunchScreen.storyboard in Resources */,
				349DB4EA1C79CC7A005AD278 /* MDSArticleDetailViewController.xib in Resources */,
				349DB4F31C79CC7A005AD278 /* SVProgressHUD.bundle in Resources */,
				34F1FDFE1C5EF36000633BD9 /* Assets.xcassets in Resources */,
				349DB4EE1C79CC7A005AD278 /* MDSAritcleCell.xib in Resources */,
				349DB4EC1C79CC7A005AD278 /* MDSArticleListViewController.xib in Resources */,
				34F1FDF91C5EF36000633BD9 /* Main.storyboard in Resources */,
			);
			runOnlyForDeploymentPostprocessing = 0;
		};
/* End PBXResourcesBuildPhase section */

/* Begin PBXSourcesBuildPhase section */
		34F1FDE71C5EF35F00633BD9 /* Sources */ = {
			isa = PBXSourcesBuildPhase;
			buildActionMask = 2147483647;
			files = (
				349DB4F71C79CC7A005AD278 /* main.m in Sources */,
				3482151A1C7EF39300F4239F /* MDSPullAnimationView.m in Sources */,
				349DB4ED1C79CC7A005AD278 /* MDSAritcleCell.m in Sources */,
				349DB4EB1C79CC7A005AD278 /* MDSArticleListViewController.m in Sources */,
				349DB4F61C79CC7A005AD278 /* AppDelegate.m in Sources */,
				349DB4E91C79CC7A005AD278 /* MDSArticleDetailViewController.m in Sources */,
				349DB4F81C79CC7A005AD278 /* Article+CoreDataProperties.m in Sources */,
				349DB4F51C79CC7A005AD278 /* SVRadialGradientLayer.m in Sources */,
				349DB4FD1C79CC7A005AD278 /* MDSPullUpToMore.m in Sources */,
				349DB4F41C79CC7A005AD278 /* SVProgressHUD.m in Sources */,
				349DB4F91C79CC7A005AD278 /* Article.m in Sources */,
				3482151B1C7EF39300F4239F /* MDSShadeViewAnimationView.m in Sources */,
				349DB4FE1C79CC7A005AD278 /* MDSResponse.m in Sources */,
				349DB4EF1C79CC7A005AD278 /* MDSSearchView.m in Sources */,
				349DB4F11C79CC7A005AD278 /* MDSNavigationController.m in Sources */,
				349DB4FF1C79CC7A005AD278 /* MDSTool.m in Sources */,
				349DB4FB1C79CC7A005AD278 /* MDSCoreDataAccess.m in Sources */,
				349DB4F21C79CC7A005AD278 /* SVIndefiniteAnimatedView.m in Sources */,
				349DB4FA1C79CC7A005AD278 /* Meditashayne.xcdatamodeld in Sources */,
			);
			runOnlyForDeploymentPostprocessing = 0;
		};
/* End PBXSourcesBuildPhase section */

/* Begin PBXVariantGroup section */
		34F1FDF71C5EF36000633BD9 /* Main.storyboard */ = {
			isa = PBXVariantGroup;
			children = (
				34F1FDF81C5EF36000633BD9 /* Base */,
			);
			name = Main.storyboard;
			sourceTree = "<group>";
		};
		34F1FDFF1C5EF36000633BD9 /* LaunchScreen.storyboard */ = {
			isa = PBXVariantGroup;
			children = (
				34F1FE001C5EF36000633BD9 /* Base */,
			);
			name = LaunchScreen.storyboard;
			sourceTree = "<group>";
		};
/* End PBXVariantGroup section */

/* Begin XCBuildConfiguration section */
		34F1FE191C5EF36000633BD9 /* Debug */ = {
			isa = XCBuildConfiguration;
			buildSettings = {
				ALWAYS_SEARCH_USER_PATHS = NO;
				CLANG_CXX_LANGUAGE_STANDARD = "gnu++0x";
				CLANG_CXX_LIBRARY = "libc++";
				CLANG_ENABLE_MODULES = YES;
				CLANG_ENABLE_OBJC_ARC = YES;
				CLANG_WARN_BOOL_CONVERSION = YES;
				CLANG_WARN_CONSTANT_CONVERSION = YES;
				CLANG_WARN_DIRECT_OBJC_ISA_USAGE = YES_ERROR;
				CLANG_WARN_EMPTY_BODY = YES;
				CLANG_WARN_ENUM_CONVERSION = YES;
				CLANG_WARN_INT_CONVERSION = YES;
				CLANG_WARN_OBJC_ROOT_CLASS = YES_ERROR;
				CLANG_WARN_UNREACHABLE_CODE = YES;
				CLANG_WARN__DUPLICATE_METHOD_MATCH = YES;
				"CODE_SIGN_IDENTITY[sdk=iphoneos*]" = "iPhone Developer";
				COPY_PHASE_STRIP = NO;
				DEBUG_INFORMATION_FORMAT = dwarf;
				ENABLE_STRICT_OBJC_MSGSEND = YES;
				ENABLE_TESTABILITY = YES;
				GCC_C_LANGUAGE_STANDARD = gnu99;
				GCC_DYNAMIC_NO_PIC = NO;
				GCC_NO_COMMON_BLOCKS = YES;
				GCC_OPTIMIZATION_LEVEL = 0;
				GCC_PREPROCESSOR_DEFINITIONS = (
					"DEBUG=1",
					"$(inherited)",
				);
				GCC_WARN_64_TO_32_BIT_CONVERSION = YES;
				GCC_WARN_ABOUT_RETURN_TYPE = YES_ERROR;
				GCC_WARN_UNDECLARED_SELECTOR = YES;
				GCC_WARN_UNINITIALIZED_AUTOS = YES_AGGRESSIVE;
				GCC_WARN_UNUSED_FUNCTION = YES;
				GCC_WARN_UNUSED_VARIABLE = YES;
				IPHONEOS_DEPLOYMENT_TARGET = 7.0;
				MTL_ENABLE_DEBUG_INFO = YES;
				ONLY_ACTIVE_ARCH = YES;
				SDKROOT = iphoneos;
			};
			name = Debug;
		};
		34F1FE1A1C5EF36000633BD9 /* Release */ = {
			isa = XCBuildConfiguration;
			buildSettings = {
				ALWAYS_SEARCH_USER_PATHS = NO;
				CLANG_CXX_LANGUAGE_STANDARD = "gnu++0x";
				CLANG_CXX_LIBRARY = "libc++";
				CLANG_ENABLE_MODULES = YES;
				CLANG_ENABLE_OBJC_ARC = YES;
				CLANG_WARN_BOOL_CONVERSION = YES;
				CLANG_WARN_CONSTANT_CONVERSION = YES;
				CLANG_WARN_DIRECT_OBJC_ISA_USAGE = YES_ERROR;
				CLANG_WARN_EMPTY_BODY = YES;
				CLANG_WARN_ENUM_CONVERSION = YES;
				CLANG_WARN_INT_CONVERSION = YES;
				CLANG_WARN_OBJC_ROOT_CLASS = YES_ERROR;
				CLANG_WARN_UNREACHABLE_CODE = YES;
				CLANG_WARN__DUPLICATE_METHOD_MATCH = YES;
				"CODE_SIGN_IDENTITY[sdk=iphoneos*]" = "iPhone Developer";
				COPY_PHASE_STRIP = NO;
				DEBUG_INFORMATION_FORMAT = "dwarf-with-dsym";
				ENABLE_NS_ASSERTIONS = NO;
				ENABLE_STRICT_OBJC_MSGSEND = YES;
				GCC_C_LANGUAGE_STANDARD = gnu99;
				GCC_NO_COMMON_BLOCKS = YES;
				GCC_WARN_64_TO_32_BIT_CONVERSION = YES;
				GCC_WARN_ABOUT_RETURN_TYPE = YES_ERROR;
				GCC_WARN_UNDECLARED_SELECTOR = YES;
				GCC_WARN_UNINITIALIZED_AUTOS = YES_AGGRESSIVE;
				GCC_WARN_UNUSED_FUNCTION = YES;
				GCC_WARN_UNUSED_VARIABLE = YES;
				IPHONEOS_DEPLOYMENT_TARGET = 7.0;
				MTL_ENABLE_DEBUG_INFO = NO;
				SDKROOT = iphoneos;
				VALIDATE_PRODUCT = YES;
			};
			name = Release;
		};
		34F1FE1C1C5EF36000633BD9 /* Debug */ = {
			isa = XCBuildConfiguration;
			buildSettings = {
				ASSETCATALOG_COMPILER_APPICON_NAME = AppIcon;
				GCC_PREFIX_HEADER = "$(SRCROOT)/Meditashayne/PrefixHeader.pch";
				INFOPLIST_FILE = Meditashayne/Info.plist;
				IPHONEOS_DEPLOYMENT_TARGET = 7.0;
				LD_RUNPATH_SEARCH_PATHS = "$(inherited) @executable_path/Frameworks";
				PRODUCT_BUNDLE_IDENTIFIER = shayneyeorg.Meditashayne;
				PRODUCT_NAME = Meditashayne;
			};
			name = Debug;
		};
		34F1FE1D1C5EF36000633BD9 /* Release */ = {
			isa = XCBuildConfiguration;
			buildSettings = {
				ASSETCATALOG_COMPILER_APPICON_NAME = AppIcon;
				GCC_PREFIX_HEADER = "$(SRCROOT)/Meditashayne/PrefixHeader.pch";
				INFOPLIST_FILE = Meditashayne/Info.plist;
				IPHONEOS_DEPLOYMENT_TARGET = 7.0;
				LD_RUNPATH_SEARCH_PATHS = "$(inherited) @executable_path/Frameworks";
				PRODUCT_BUNDLE_IDENTIFIER = shayneyeorg.Meditashayne;
				PRODUCT_NAME = Meditashayne;
			};
			name = Release;
		};
/* End XCBuildConfiguration section */

/* Begin XCConfigurationList section */
		34F1FDE61C5EF35F00633BD9 /* Build configuration list for PBXProject "Meditashayne" */ = {
			isa = XCConfigurationList;
			buildConfigurations = (
				34F1FE191C5EF36000633BD9 /* Debug */,
				34F1FE1A1C5EF36000633BD9 /* Release */,
			);
			defaultConfigurationIsVisible = 0;
			defaultConfigurationName = Release;
		};
		34F1FE1B1C5EF36000633BD9 /* Build configuration list for PBXNativeTarget "Meditashayne" */ = {
			isa = XCConfigurationList;
			buildConfigurations = (
				34F1FE1C1C5EF36000633BD9 /* Debug */,
				34F1FE1D1C5EF36000633BD9 /* Release */,
			);
			defaultConfigurationIsVisible = 0;
			defaultConfigurationName = Release;
		};
/* End XCConfigurationList section */

/* Begin XCVersionGroup section */
		349DB4DC1C79CC7A005AD278 /* Meditashayne.xcdatamodeld */ = {
			isa = XCVersionGroup;
			children = (
				349DB4DD1C79CC7A005AD278 /* Meditashayne.xcdatamodel */,
			);
			currentVersion = 349DB4DD1C79CC7A005AD278 /* Meditashayne.xcdatamodel */;
			path = Meditashayne.xcdatamodeld;
			sourceTree = "<group>";
			versionGroupType = wrapper.xcdatamodel;
		};
/* End XCVersionGroup section */
	};
	rootObject = 34F1FDE31C5EF35F00633BD9 /* Project object */;
}
