// !$*UTF8*$!
{
	archiveVersion = 1;
	classes = {
	};
	objectVersion = 46;
	objects = {

/* Begin PBXBuildFile section */
		3413B6A11C61985A000B2AB7 /* MDSArticleDetailViewController.m in Sources */ = {isa = PBXBuildFile; fileRef = 3413B6991C61985A000B2AB7 /* MDSArticleDetailViewController.m */; };
		3413B6A21C61985A000B2AB7 /* MDSArticleDetailViewController.xib in Resources */ = {isa = PBXBuildFile; fileRef = 3413B69A1C61985A000B2AB7 /* MDSArticleDetailViewController.xib */; };
		3413B6A31C61985A000B2AB7 /* MDSArticleListViewController.m in Sources */ = {isa = PBXBuildFile; fileRef = 3413B69D1C61985A000B2AB7 /* MDSArticleListViewController.m */; };
		3413B6A41C61985A000B2AB7 /* MDSArticleListViewController.xib in Resources */ = {isa = PBXBuildFile; fileRef = 3413B69E1C61985A000B2AB7 /* MDSArticleListViewController.xib */; };
		3413B6A91C619BC7000B2AB7 /* Article+CoreDataProperties.m in Sources */ = {isa = PBXBuildFile; fileRef = 3413B6A61C619BC7000B2AB7 /* Article+CoreDataProperties.m */; };
		3413B6AA1C619BC7000B2AB7 /* Article.m in Sources */ = {isa = PBXBuildFile; fileRef = 3413B6A81C619BC7000B2AB7 /* Article.m */; };
		34F1FDF01C5EF35F00633BD9 /* main.m in Sources */ = {isa = PBXBuildFile; fileRef = 34F1FDEF1C5EF35F00633BD9 /* main.m */; };
		34F1FDF31C5EF35F00633BD9 /* AppDelegate.m in Sources */ = {isa = PBXBuildFile; fileRef = 34F1FDF21C5EF35F00633BD9 /* AppDelegate.m */; };
		34F1FDF91C5EF36000633BD9 /* Main.storyboard in Resources */ = {isa = PBXBuildFile; fileRef = 34F1FDF71C5EF36000633BD9 /* Main.storyboard */; };
		34F1FDFC1C5EF36000633BD9 /* Meditashayne.xcdatamodeld in Sources */ = {isa = PBXBuildFile; fileRef = 34F1FDFA1C5EF36000633BD9 /* Meditashayne.xcdatamodeld */; };
		34F1FDFE1C5EF36000633BD9 /* Assets.xcassets in Resources */ = {isa = PBXBuildFile; fileRef = 34F1FDFD1C5EF36000633BD9 /* Assets.xcassets */; };
		34F1FE011C5EF36000633BD9 /* LaunchScreen.storyboard in Resources */ = {isa = PBXBuildFile; fileRef = 34F1FDFF1C5EF36000633BD9 /* LaunchScreen.storyboard */; };
		34F1FE0C1C5EF36000633BD9 /* MeditashayneTests.m in Sources */ = {isa = PBXBuildFile; fileRef = 34F1FE0B1C5EF36000633BD9 /* MeditashayneTests.m */; };
		34F1FE171C5EF36000633BD9 /* MeditashayneUITests.m in Sources */ = {isa = PBXBuildFile; fileRef = 34F1FE161C5EF36000633BD9 /* MeditashayneUITests.m */; };
		34F1FE271C5F045700633BD9 /* CoreData.framework in Frameworks */ = {isa = PBXBuildFile; fileRef = 34F1FE261C5F045700633BD9 /* CoreData.framework */; };
/* End PBXBuildFile section */

/* Begin PBXContainerItemProxy section */
		34F1FE081C5EF36000633BD9 /* PBXContainerItemProxy */ = {
			isa = PBXContainerItemProxy;
			containerPortal = 34F1FDE31C5EF35F00633BD9 /* Project object */;
			proxyType = 1;
			remoteGlobalIDString = 34F1FDEA1C5EF35F00633BD9;
			remoteInfo = Meditashayne;
		};
		34F1FE131C5EF36000633BD9 /* PBXContainerItemProxy */ = {
			isa = PBXContainerItemProxy;
			containerPortal = 34F1FDE31C5EF35F00633BD9 /* Project object */;
			proxyType = 1;
			remoteGlobalIDString = 34F1FDEA1C5EF35F00633BD9;
			remoteInfo = Meditashayne;
		};
/* End PBXContainerItemProxy section */

/* Begin PBXFileReference section */
		3413B6981C61985A000B2AB7 /* MDSArticleDetailViewController.h */ = {isa = PBXFileReference; fileEncoding = 4; lastKnownFileType = sourcecode.c.h; path = MDSArticleDetailViewController.h; sourceTree = "<group>"; };
		3413B6991C61985A000B2AB7 /* MDSArticleDetailViewController.m */ = {isa = PBXFileReference; fileEncoding = 4; lastKnownFileType = sourcecode.c.objc; path = MDSArticleDetailViewController.m; sourceTree = "<group>"; };
		3413B69A1C61985A000B2AB7 /* MDSArticleDetailViewController.xib */ = {isa = PBXFileReference; fileEncoding = 4; lastKnownFileType = file.xib; path = MDSArticleDetailViewController.xib; sourceTree = "<group>"; };
		3413B69C1C61985A000B2AB7 /* MDSArticleListViewController.h */ = {isa = PBXFileReference; fileEncoding = 4; lastKnownFileType = sourcecode.c.h; path = MDSArticleListViewController.h; sourceTree = "<group>"; };
		3413B69D1C61985A000B2AB7 /* MDSArticleListViewController.m */ = {isa = PBXFileReference; fileEncoding = 4; lastKnownFileType = sourcecode.c.objc; path = MDSArticleListViewController.m; sourceTree = "<group>"; };
		3413B69E1C61985A000B2AB7 /* MDSArticleListViewController.xib */ = {isa = PBXFileReference; fileEncoding = 4; lastKnownFileType = file.xib; path = MDSArticleListViewController.xib; sourceTree = "<group>"; };
		3413B6A51C619BC7000B2AB7 /* Article+CoreDataProperties.h */ = {isa = PBXFileReference; fileEncoding = 4; lastKnownFileType = sourcecode.c.h; path = "Article+CoreDataProperties.h"; sourceTree = "<group>"; };
		3413B6A61C619BC7000B2AB7 /* Article+CoreDataProperties.m */ = {isa = PBXFileReference; fileEncoding = 4; lastKnownFileType = sourcecode.c.objc; path = "Article+CoreDataProperties.m"; sourceTree = "<group>"; };
		3413B6A71C619BC7000B2AB7 /* Article.h */ = {isa = PBXFileReference; fileEncoding = 4; lastKnownFileType = sourcecode.c.h; path = Article.h; sourceTree = "<group>"; };
		3413B6A81C619BC7000B2AB7 /* Article.m */ = {isa = PBXFileReference; fileEncoding = 4; lastKnownFileType = sourcecode.c.objc; path = Article.m; sourceTree = "<group>"; };
		3413B6AB1C61A02C000B2AB7 /* PrefixHeader.pch */ = {isa = PBXFileReference; lastKnownFileType = sourcecode.c.h; path = PrefixHeader.pch; sourceTree = "<group>"; };
		3413B6AC1C61A1D3000B2AB7 /* MDSConstant.h */ = {isa = PBXFileReference; fileEncoding = 4; lastKnownFileType = sourcecode.c.h; path = MDSConstant.h; sourceTree = "<group>"; };
		34F1FDEB1C5EF35F00633BD9 /* Meditashayne.app */ = {isa = PBXFileReference; explicitFileType = wrapper.application; includeInIndex = 0; path = Meditashayne.app; sourceTree = BUILT_PRODUCTS_DIR; };
		34F1FDEF1C5EF35F00633BD9 /* main.m */ = {isa = PBXFileReference; lastKnownFileType = sourcecode.c.objc; name = main.m; path = ../../main.m; sourceTree = "<group>"; };
		34F1FDF11C5EF35F00633BD9 /* AppDelegate.h */ = {isa = PBXFileReference; lastKnownFileType = sourcecode.c.h; name = AppDelegate.h; path = ../../AppDelegate.h; sourceTree = "<group>"; };
		34F1FDF21C5EF35F00633BD9 /* AppDelegate.m */ = {isa = PBXFileReference; lastKnownFileType = sourcecode.c.objc; name = AppDelegate.m; path = ../../AppDelegate.m; sourceTree = "<group>"; };
		34F1FDF81C5EF36000633BD9 /* Base */ = {isa = PBXFileReference; lastKnownFileType = file.storyboard; name = Base; path = Base.lproj/Main.storyboard; sourceTree = "<group>"; };
		34F1FDFB1C5EF36000633BD9 /* Meditashayne.xcdatamodel */ = {isa = PBXFileReference; lastKnownFileType = wrapper.xcdatamodel; path = Meditashayne.xcdatamodel; sourceTree = "<group>"; };
		34F1FDFD1C5EF36000633BD9 /* Assets.xcassets */ = {isa = PBXFileReference; lastKnownFileType = folder.assetcatalog; path = Assets.xcassets; sourceTree = "<group>"; };
		34F1FE001C5EF36000633BD9 /* Base */ = {isa = PBXFileReference; lastKnownFileType = file.storyboard; name = Base; path = Base.lproj/LaunchScreen.storyboard; sourceTree = "<group>"; };
		34F1FE021C5EF36000633BD9 /* Info.plist */ = {isa = PBXFileReference; lastKnownFileType = text.plist.xml; path = Info.plist; sourceTree = "<group>"; };
		34F1FE071C5EF36000633BD9 /* MeditashayneTests.xctest */ = {isa = PBXFileReference; explicitFileType = wrapper.cfbundle; includeInIndex = 0; path = MeditashayneTests.xctest; sourceTree = BUILT_PRODUCTS_DIR; };
		34F1FE0B1C5EF36000633BD9 /* MeditashayneTests.m */ = {isa = PBXFileReference; lastKnownFileType = sourcecode.c.objc; path = MeditashayneTests.m; sourceTree = "<group>"; };
		34F1FE0D1C5EF36000633BD9 /* Info.plist */ = {isa = PBXFileReference; lastKnownFileType = text.plist.xml; path = Info.plist; sourceTree = "<group>"; };
		34F1FE121C5EF36000633BD9 /* MeditashayneUITests.xctest */ = {isa = PBXFileReference; explicitFileType = wrapper.cfbundle; includeInIndex = 0; path = MeditashayneUITests.xctest; sourceTree = BUILT_PRODUCTS_DIR; };
		34F1FE161C5EF36000633BD9 /* MeditashayneUITests.m */ = {isa = PBXFileReference; lastKnownFileType = sourcecode.c.objc; path = MeditashayneUITests.m; sourceTree = "<group>"; };
		34F1FE181C5EF36000633BD9 /* Info.plist */ = {isa = PBXFileReference; lastKnownFileType = text.plist.xml; path = Info.plist; sourceTree = "<group>"; };
		34F1FE261C5F045700633BD9 /* CoreData.framework */ = {isa = PBXFileReference; lastKnownFileType = wrapper.framework; name = CoreData.framework; path = System/Library/Frameworks/CoreData.framework; sourceTree = SDKROOT; };
/* End PBXFileReference section */

/* Begin PBXFrameworksBuildPhase section */
		34F1FDE81C5EF35F00633BD9 /* Frameworks */ = {
			isa = PBXFrameworksBuildPhase;
			buildActionMask = 2147483647;
			files = (
				34F1FE271C5F045700633BD9 /* CoreData.framework in Frameworks */,
			);
			runOnlyForDeploymentPostprocessing = 0;
		};
		34F1FE041C5EF36000633BD9 /* Frameworks */ = {
			isa = PBXFrameworksBuildPhase;
			buildActionMask = 2147483647;
			files = (
			);
			runOnlyForDeploymentPostprocessing = 0;
		};
		34F1FE0F1C5EF36000633BD9 /* Frameworks */ = {
			isa = PBXFrameworksBuildPhase;
			buildActionMask = 2147483647;
			files = (
			);
			runOnlyForDeploymentPostprocessing = 0;
		};
/* End PBXFrameworksBuildPhase section */

/* Begin PBXGroup section */
		3413B6961C61985A000B2AB7 /* Controllers */ = {
			isa = PBXGroup;
			children = (
				3413B69B1C61985A000B2AB7 /* MDSArticleList */,
				3413B6971C61985A000B2AB7 /* MDSArticleDetail */,
			);
			path = Controllers;
			sourceTree = "<group>";
		};
		3413B6971C61985A000B2AB7 /* MDSArticleDetail */ = {
			isa = PBXGroup;
			children = (
				3413B6981C61985A000B2AB7 /* MDSArticleDetailViewController.h */,
				3413B6991C61985A000B2AB7 /* MDSArticleDetailViewController.m */,
				3413B69A1C61985A000B2AB7 /* MDSArticleDetailViewController.xib */,
			);
			path = MDSArticleDetail;
			sourceTree = "<group>";
		};
		3413B69B1C61985A000B2AB7 /* MDSArticleList */ = {
			isa = PBXGroup;
			children = (
				3413B69C1C61985A000B2AB7 /* MDSArticleListViewController.h */,
				3413B69D1C61985A000B2AB7 /* MDSArticleListViewController.m */,
				3413B69E1C61985A000B2AB7 /* MDSArticleListViewController.xib */,
			);
			path = MDSArticleList;
			sourceTree = "<group>";
		};
		3413B69F1C61985A000B2AB7 /* Models */ = {
			isa = PBXGroup;
			children = (
				3413B6A51C619BC7000B2AB7 /* Article+CoreDataProperties.h */,
				3413B6A61C619BC7000B2AB7 /* Article+CoreDataProperties.m */,
				3413B6A71C619BC7000B2AB7 /* Article.h */,
				3413B6A81C619BC7000B2AB7 /* Article.m */,
			);
			path = Models;
			sourceTree = "<group>";
		};
		3413B6A01C61985A000B2AB7 /* Views */ = {
			isa = PBXGroup;
			children = (
			);
			path = Views;
			sourceTree = "<group>";
		};
		34F1FDE21C5EF35F00633BD9 = {
			isa = PBXGroup;
			children = (
				34F1FDED1C5EF35F00633BD9 /* Meditashayne */,
				34F1FE0A1C5EF36000633BD9 /* MeditashayneTests */,
				34F1FE151C5EF36000633BD9 /* MeditashayneUITests */,
				34F1FDEC1C5EF35F00633BD9 /* Products */,
			);
			sourceTree = "<group>";
		};
		34F1FDEC1C5EF35F00633BD9 /* Products */ = {
			isa = PBXGroup;
			children = (
				34F1FDEB1C5EF35F00633BD9 /* Meditashayne.app */,
				34F1FE071C5EF36000633BD9 /* MeditashayneTests.xctest */,
				34F1FE121C5EF36000633BD9 /* MeditashayneUITests.xctest */,
			);
			name = Products;
			sourceTree = "<group>";
		};
		34F1FDED1C5EF35F00633BD9 /* Meditashayne */ = {
			isa = PBXGroup;
			children = (
				34F1FE241C5EFA8200633BD9 /* Main */,
				34F1FDEE1C5EF35F00633BD9 /* Supporting Files */,
			);
			path = Meditashayne;
			sourceTree = "<group>";
		};
		34F1FDEE1C5EF35F00633BD9 /* Supporting Files */ = {
			isa = PBXGroup;
			children = (
				34F1FDFD1C5EF36000633BD9 /* Assets.xcassets */,
				34F1FDFF1C5EF36000633BD9 /* LaunchScreen.storyboard */,
				34F1FE021C5EF36000633BD9 /* Info.plist */,
				34F1FDFA1C5EF36000633BD9 /* Meditashayne.xcdatamodeld */,
				3413B6AB1C61A02C000B2AB7 /* PrefixHeader.pch */,
			);
			name = "Supporting Files";
			sourceTree = "<group>";
		};
		34F1FE0A1C5EF36000633BD9 /* MeditashayneTests */ = {
			isa = PBXGroup;
			children = (
				34F1FE0B1C5EF36000633BD9 /* MeditashayneTests.m */,
				34F1FE0D1C5EF36000633BD9 /* Info.plist */,
			);
			path = MeditashayneTests;
			sourceTree = "<group>";
		};
		34F1FE151C5EF36000633BD9 /* MeditashayneUITests */ = {
			isa = PBXGroup;
			children = (
				34F1FE161C5EF36000633BD9 /* MeditashayneUITests.m */,
				34F1FE181C5EF36000633BD9 /* Info.plist */,
			);
			path = MeditashayneUITests;
			sourceTree = "<group>";
		};
		34F1FE241C5EFA8200633BD9 /* Main */ = {
			isa = PBXGroup;
			children = (
				3413B6961C61985A000B2AB7 /* Controllers */,
				3413B6A01C61985A000B2AB7 /* Views */,
				3413B69F1C61985A000B2AB7 /* Models */,
				34F1FE281C5F048900633BD9 /* Libs */,
				34F1FE251C5EFA8200633BD9 /* Main */,
			);
			path = Main;
			sourceTree = "<group>";
		};
		34F1FE251C5EFA8200633BD9 /* Main */ = {
			isa = PBXGroup;
			children = (
				34F1FDEF1C5EF35F00633BD9 /* main.m */,
				34F1FDF71C5EF36000633BD9 /* Main.storyboard */,
				34F1FDF11C5EF35F00633BD9 /* AppDelegate.h */,
				34F1FDF21C5EF35F00633BD9 /* AppDelegate.m */,
				3413B6AC1C61A1D3000B2AB7 /* MDSConstant.h */,
			);
			path = Main;
			sourceTree = "<group>";
		};
		34F1FE281C5F048900633BD9 /* Libs */ = {
			isa = PBXGroup;
			children = (
				34F1FE261C5F045700633BD9 /* CoreData.framework */,
			);
			path = Libs;
			sourceTree = "<group>";
		};
/* End PBXGroup section */

/* Begin PBXNativeTarget section */
		34F1FDEA1C5EF35F00633BD9 /* Meditashayne */ = {
			isa = PBXNativeTarget;
			buildConfigurationList = 34F1FE1B1C5EF36000633BD9 /* Build configuration list for PBXNativeTarget "Meditashayne" */;
			buildPhases = (
				34F1FDE71C5EF35F00633BD9 /* Sources */,
				34F1FDE81C5EF35F00633BD9 /* Frameworks */,
				34F1FDE91C5EF35F00633BD9 /* Resources */,
			);
			buildRules = (
			);
			dependencies = (
			);
			name = Meditashayne;
			productName = Meditashayne;
			productReference = 34F1FDEB1C5EF35F00633BD9 /* Meditashayne.app */;
			productType = "com.apple.product-type.application";
		};
		34F1FE061C5EF36000633BD9 /* MeditashayneTests */ = {
			isa = PBXNativeTarget;
			buildConfigurationList = 34F1FE1E1C5EF36000633BD9 /* Build configuration list for PBXNativeTarget "MeditashayneTests" */;
			buildPhases = (
				34F1FE031C5EF36000633BD9 /* Sources */,
				34F1FE041C5EF36000633BD9 /* Frameworks */,
				34F1FE051C5EF36000633BD9 /* Resources */,
			);
			buildRules = (
			);
			dependencies = (
				34F1FE091C5EF36000633BD9 /* PBXTargetDependency */,
			);
			name = MeditashayneTests;
			productName = MeditashayneTests;
			productReference = 34F1FE071C5EF36000633BD9 /* MeditashayneTests.xctest */;
			productType = "com.apple.product-type.bundle.unit-test";
		};
		34F1FE111C5EF36000633BD9 /* MeditashayneUITests */ = {
			isa = PBXNativeTarget;
			buildConfigurationList = 34F1FE211C5EF36000633BD9 /* Build configuration list for PBXNativeTarget "MeditashayneUITests" */;
			buildPhases = (
				34F1FE0E1C5EF36000633BD9 /* Sources */,
				34F1FE0F1C5EF36000633BD9 /* Frameworks */,
				34F1FE101C5EF36000633BD9 /* Resources */,
			);
			buildRules = (
			);
			dependencies = (
				34F1FE141C5EF36000633BD9 /* PBXTargetDependency */,
			);
			name = MeditashayneUITests;
			productName = MeditashayneUITests;
			productReference = 34F1FE121C5EF36000633BD9 /* MeditashayneUITests.xctest */;
			productType = "com.apple.product-type.bundle.ui-testing";
		};
/* End PBXNativeTarget section */

/* Begin PBXProject section */
		34F1FDE31C5EF35F00633BD9 /* Project object */ = {
			isa = PBXProject;
			attributes = {
				LastUpgradeCheck = 0720;
				ORGANIZATIONNAME = shayneyeorg;
				TargetAttributes = {
					34F1FDEA1C5EF35F00633BD9 = {
						CreatedOnToolsVersion = 7.2;
					};
					34F1FE061C5EF36000633BD9 = {
						CreatedOnToolsVersion = 7.2;
						TestTargetID = 34F1FDEA1C5EF35F00633BD9;
					};
					34F1FE111C5EF36000633BD9 = {
						CreatedOnToolsVersion = 7.2;
						TestTargetID = 34F1FDEA1C5EF35F00633BD9;
					};
				};
			};
			buildConfigurationList = 34F1FDE61C5EF35F00633BD9 /* Build configuration list for PBXProject "Meditashayne" */;
			compatibilityVersion = "Xcode 3.2";
			developmentRegion = English;
			hasScannedForEncodings = 0;
			knownRegions = (
				en,
				Base,
			);
			mainGroup = 34F1FDE21C5EF35F00633BD9;
			productRefGroup = 34F1FDEC1C5EF35F00633BD9 /* Products */;
			projectDirPath = "";
			projectRoot = "";
			targets = (
				34F1FDEA1C5EF35F00633BD9 /* Meditashayne */,
				34F1FE061C5EF36000633BD9 /* MeditashayneTests */,
				34F1FE111C5EF36000633BD9 /* MeditashayneUITests */,
			);
		};
/* End PBXProject section */

/* Begin PBXResourcesBuildPhase section */
		34F1FDE91C5EF35F00633BD9 /* Resources */ = {
			isa = PBXResourcesBuildPhase;
			buildActionMask = 2147483647;
			files = (
				34F1FE011C5EF36000633BD9 /* LaunchScreen.storyboard in Resources */,
				3413B6A21C61985A000B2AB7 /* MDSArticleDetailViewController.xib in Resources */,
				34F1FDFE1C5EF36000633BD9 /* Assets.xcassets in Resources */,
				3413B6A41C61985A000B2AB7 /* MDSArticleListViewController.xib in Resources */,
				34F1FDF91C5EF36000633BD9 /* Main.storyboard in Resources */,
			);
			runOnlyForDeploymentPostprocessing = 0;
		};
		34F1FE051C5EF36000633BD9 /* Resources */ = {
			isa = PBXResourcesBuildPhase;
			buildActionMask = 2147483647;
			files = (
			);
			runOnlyForDeploymentPostprocessing = 0;
		};
		34F1FE101C5EF36000633BD9 /* Resources */ = {
			isa = PBXResourcesBuildPhase;
			buildActionMask = 2147483647;
			files = (
			);
			runOnlyForDeploymentPostprocessing = 0;
		};
/* End PBXResourcesBuildPhase section */

/* Begin PBXSourcesBuildPhase section */
		34F1FDE71C5EF35F00633BD9 /* Sources */ = {
			isa = PBXSourcesBuildPhase;
			buildActionMask = 2147483647;
			files = (
				3413B6A91C619BC7000B2AB7 /* Article+CoreDataProperties.m in Sources */,
				3413B6A31C61985A000B2AB7 /* MDSArticleListViewController.m in Sources */,
				3413B6AA1C619BC7000B2AB7 /* Article.m in Sources */,
				34F1FDFC1C5EF36000633BD9 /* Meditashayne.xcdatamodeld in Sources */,
				34F1FDF31C5EF35F00633BD9 /* AppDelegate.m in Sources */,
				3413B6A11C61985A000B2AB7 /* MDSArticleDetailViewController.m in Sources */,
				34F1FDF01C5EF35F00633BD9 /* main.m in Sources */,
			);
			runOnlyForDeploymentPostprocessing = 0;
		};
		34F1FE031C5EF36000633BD9 /* Sources */ = {
			isa = PBXSourcesBuildPhase;
			buildActionMask = 2147483647;
			files = (
				34F1FE0C1C5EF36000633BD9 /* MeditashayneTests.m in Sources */,
			);
			runOnlyForDeploymentPostprocessing = 0;
		};
		34F1FE0E1C5EF36000633BD9 /* Sources */ = {
			isa = PBXSourcesBuildPhase;
			buildActionMask = 2147483647;
			files = (
				34F1FE171C5EF36000633BD9 /* MeditashayneUITests.m in Sources */,
			);
			runOnlyForDeploymentPostprocessing = 0;
		};
/* End PBXSourcesBuildPhase section */

/* Begin PBXTargetDependency section */
		34F1FE091C5EF36000633BD9 /* PBXTargetDependency */ = {
			isa = PBXTargetDependency;
			target = 34F1FDEA1C5EF35F00633BD9 /* Meditashayne */;
			targetProxy = 34F1FE081C5EF36000633BD9 /* PBXContainerItemProxy */;
		};
		34F1FE141C5EF36000633BD9 /* PBXTargetDependency */ = {
			isa = PBXTargetDependency;
			target = 34F1FDEA1C5EF35F00633BD9 /* Meditashayne */;
			targetProxy = 34F1FE131C5EF36000633BD9 /* PBXContainerItemProxy */;
		};
/* End PBXTargetDependency section */

/* Begin PBXVariantGroup section */
		34F1FDF71C5EF36000633BD9 /* Main.storyboard */ = {
			isa = PBXVariantGroup;
			children = (
				34F1FDF81C5EF36000633BD9 /* Base */,
			);
			name = Main.storyboard;
			path = ../..;
			sourceTree = "<group>";
		};
		34F1FDFF1C5EF36000633BD9 /* LaunchScreen.storyboard */ = {
			isa = PBXVariantGroup;
			children = (
				34F1FE001C5EF36000633BD9 /* Base */,
			);
			name = LaunchScreen.storyboard;
			sourceTree = "<group>";
		};
/* End PBXVariantGroup section */

/* Begin XCBuildConfiguration section */
		34F1FE191C5EF36000633BD9 /* Debug */ = {
			isa = XCBuildConfiguration;
			buildSettings = {
				ALWAYS_SEARCH_USER_PATHS = NO;
				CLANG_CXX_LANGUAGE_STANDARD = "gnu++0x";
				CLANG_CXX_LIBRARY = "libc++";
				CLANG_ENABLE_MODULES = YES;
				CLANG_ENABLE_OBJC_ARC = YES;
				CLANG_WARN_BOOL_CONVERSION = YES;
				CLANG_WARN_CONSTANT_CONVERSION = YES;
				CLANG_WARN_DIRECT_OBJC_ISA_USAGE = YES_ERROR;
				CLANG_WARN_EMPTY_BODY = YES;
				CLANG_WARN_ENUM_CONVERSION = YES;
				CLANG_WARN_INT_CONVERSION = YES;
				CLANG_WARN_OBJC_ROOT_CLASS = YES_ERROR;
				CLANG_WARN_UNREACHABLE_CODE = YES;
				CLANG_WARN__DUPLICATE_METHOD_MATCH = YES;
				"CODE_SIGN_IDENTITY[sdk=iphoneos*]" = "iPhone Developer";
				COPY_PHASE_STRIP = NO;
				DEBUG_INFORMATION_FORMAT = dwarf;
				ENABLE_STRICT_OBJC_MSGSEND = YES;
				ENABLE_TESTABILITY = YES;
				GCC_C_LANGUAGE_STANDARD = gnu99;
				GCC_DYNAMIC_NO_PIC = NO;
				GCC_NO_COMMON_BLOCKS = YES;
				GCC_OPTIMIZATION_LEVEL = 0;
				GCC_PREPROCESSOR_DEFINITIONS = (
					"DEBUG=1",
					"$(inherited)",
				);
				GCC_WARN_64_TO_32_BIT_CONVERSION = YES;
				GCC_WARN_ABOUT_RETURN_TYPE = YES_ERROR;
				GCC_WARN_UNDECLARED_SELECTOR = YES;
				GCC_WARN_UNINITIALIZED_AUTOS = YES_AGGRESSIVE;
				GCC_WARN_UNUSED_FUNCTION = YES;
				GCC_WARN_UNUSED_VARIABLE = YES;
				IPHONEOS_DEPLOYMENT_TARGET = 9.2;
				MTL_ENABLE_DEBUG_INFO = YES;
				ONLY_ACTIVE_ARCH = YES;
				SDKROOT = iphoneos;
			};
			name = Debug;
		};
		34F1FE1A1C5EF36000633BD9 /* Release */ = {
			isa = XCBuildConfiguration;
			buildSettings = {
				ALWAYS_SEARCH_USER_PATHS = NO;
				CLANG_CXX_LANGUAGE_STANDARD = "gnu++0x";
				CLANG_CXX_LIBRARY = "libc++";
				CLANG_ENABLE_MODULES = YES;
				CLANG_ENABLE_OBJC_ARC = YES;
				CLANG_WARN_BOOL_CONVERSION = YES;
				CLANG_WARN_CONSTANT_CONVERSION = YES;
				CLANG_WARN_DIRECT_OBJC_ISA_USAGE = YES_ERROR;
				CLANG_WARN_EMPTY_BODY = YES;
				CLANG_WARN_ENUM_CONVERSION = YES;
				CLANG_WARN_INT_CONVERSION = YES;
				CLANG_WARN_OBJC_ROOT_CLASS = YES_ERROR;
				CLANG_WARN_UNREACHABLE_CODE = YES;
				CLANG_WARN__DUPLICATE_METHOD_MATCH = YES;
				"CODE_SIGN_IDENTITY[sdk=iphoneos*]" = "iPhone Developer";
				COPY_PHASE_STRIP = NO;
				DEBUG_INFORMATION_FORMAT = "dwarf-with-dsym";
				ENABLE_NS_ASSERTIONS = NO;
				ENABLE_STRICT_OBJC_MSGSEND = YES;
				GCC_C_LANGUAGE_STANDARD = gnu99;
				GCC_NO_COMMON_BLOCKS = YES;
				GCC_WARN_64_TO_32_BIT_CONVERSION = YES;
				GCC_WARN_ABOUT_RETURN_TYPE = YES_ERROR;
				GCC_WARN_UNDECLARED_SELECTOR = YES;
				GCC_WARN_UNINITIALIZED_AUTOS = YES_AGGRESSIVE;
				GCC_WARN_UNUSED_FUNCTION = YES;
				GCC_WARN_UNUSED_VARIABLE = YES;
				IPHONEOS_DEPLOYMENT_TARGET = 9.2;
				MTL_ENABLE_DEBUG_INFO = NO;
				SDKROOT = iphoneos;
				VALIDATE_PRODUCT = YES;
			};
			name = Release;
		};
		34F1FE1C1C5EF36000633BD9 /* Debug */ = {
			isa = XCBuildConfiguration;
			buildSettings = {
				ASSETCATALOG_COMPILER_APPICON_NAME = AppIcon;
				GCC_PREFIX_HEADER = "$(SRCROOT)/Meditashayne/PrefixHeader.pch";
				INFOPLIST_FILE = Meditashayne/Info.plist;
				LD_RUNPATH_SEARCH_PATHS = "$(inherited) @executable_path/Frameworks";
				PRODUCT_BUNDLE_IDENTIFIER = shayneyeorg.Meditashayne;
				PRODUCT_NAME = "$(TARGET_NAME)";
			};
			name = Debug;
		};
		34F1FE1D1C5EF36000633BD9 /* Release */ = {
			isa = XCBuildConfiguration;
			buildSettings = {
				ASSETCATALOG_COMPILER_APPICON_NAME = AppIcon;
				GCC_PREFIX_HEADER = "$(SRCROOT)/Meditashayne/PrefixHeader.pch";
				INFOPLIST_FILE = Meditashayne/Info.plist;
				LD_RUNPATH_SEARCH_PATHS = "$(inherited) @executable_path/Frameworks";
				PRODUCT_BUNDLE_IDENTIFIER = shayneyeorg.Meditashayne;
				PRODUCT_NAME = "$(TARGET_NAME)";
			};
			name = Release;
		};
		34F1FE1F1C5EF36000633BD9 /* Debug */ = {
			isa = XCBuildConfiguration;
			buildSettings = {
				BUNDLE_LOADER = "$(TEST_HOST)";
				INFOPLIST_FILE = MeditashayneTests/Info.plist;
				LD_RUNPATH_SEARCH_PATHS = "$(inherited) @executable_path/Frameworks @loader_path/Frameworks";
				PRODUCT_BUNDLE_IDENTIFIER = shayneyeorg.MeditashayneTests;
				PRODUCT_NAME = "$(TARGET_NAME)";
				TEST_HOST = "$(BUILT_PRODUCTS_DIR)/Meditashayne.app/Meditashayne";
			};
			name = Debug;
		};
		34F1FE201C5EF36000633BD9 /* Release */ = {
			isa = XCBuildConfiguration;
			buildSettings = {
				BUNDLE_LOADER = "$(TEST_HOST)";
				INFOPLIST_FILE = MeditashayneTests/Info.plist;
				LD_RUNPATH_SEARCH_PATHS = "$(inherited) @executable_path/Frameworks @loader_path/Frameworks";
				PRODUCT_BUNDLE_IDENTIFIER = shayneyeorg.MeditashayneTests;
				PRODUCT_NAME = "$(TARGET_NAME)";
				TEST_HOST = "$(BUILT_PRODUCTS_DIR)/Meditashayne.app/Meditashayne";
			};
			name = Release;
		};
		34F1FE221C5EF36000633BD9 /* Debug */ = {
			isa = XCBuildConfiguration;
			buildSettings = {
				INFOPLIST_FILE = MeditashayneUITests/Info.plist;
				LD_RUNPATH_SEARCH_PATHS = "$(inherited) @executable_path/Frameworks @loader_path/Frameworks";
				PRODUCT_BUNDLE_IDENTIFIER = shayneyeorg.MeditashayneUITests;
				PRODUCT_NAME = "$(TARGET_NAME)";
				TEST_TARGET_NAME = Meditashayne;
				USES_XCTRUNNER = YES;
			};
			name = Debug;
		};
		34F1FE231C5EF36000633BD9 /* Release */ = {
			isa = XCBuildConfiguration;
			buildSettings = {
				INFOPLIST_FILE = MeditashayneUITests/Info.plist;
				LD_RUNPATH_SEARCH_PATHS = "$(inherited) @executable_path/Frameworks @loader_path/Frameworks";
				PRODUCT_BUNDLE_IDENTIFIER = shayneyeorg.MeditashayneUITests;
				PRODUCT_NAME = "$(TARGET_NAME)";
				TEST_TARGET_NAME = Meditashayne;
				USES_XCTRUNNER = YES;
			};
			name = Release;
		};
/* End XCBuildConfiguration section */

/* Begin XCConfigurationList section */
		34F1FDE61C5EF35F00633BD9 /* Build configuration list for PBXProject "Meditashayne" */ = {
			isa = XCConfigurationList;
			buildConfigurations = (
				34F1FE191C5EF36000633BD9 /* Debug */,
				34F1FE1A1C5EF36000633BD9 /* Release */,
			);
			defaultConfigurationIsVisible = 0;
			defaultConfigurationName = Release;
		};
		34F1FE1B1C5EF36000633BD9 /* Build configuration list for PBXNativeTarget "Meditashayne" */ = {
			isa = XCConfigurationList;
			buildConfigurations = (
				34F1FE1C1C5EF36000633BD9 /* Debug */,
				34F1FE1D1C5EF36000633BD9 /* Release */,
			);
			defaultConfigurationIsVisible = 0;
			defaultConfigurationName = Release;
		};
		34F1FE1E1C5EF36000633BD9 /* Build configuration list for PBXNativeTarget "MeditashayneTests" */ = {
			isa = XCConfigurationList;
			buildConfigurations = (
				34F1FE1F1C5EF36000633BD9 /* Debug */,
				34F1FE201C5EF36000633BD9 /* Release */,
			);
			defaultConfigurationIsVisible = 0;
			defaultConfigurationName = Release;
		};
		34F1FE211C5EF36000633BD9 /* Build configuration list for PBXNativeTarget "MeditashayneUITests" */ = {
			isa = XCConfigurationList;
			buildConfigurations = (
				34F1FE221C5EF36000633BD9 /* Debug */,
				34F1FE231C5EF36000633BD9 /* Release */,
			);
			defaultConfigurationIsVisible = 0;
			defaultConfigurationName = Release;
		};
/* End XCConfigurationList section */

/* Begin XCVersionGroup section */
		34F1FDFA1C5EF36000633BD9 /* Meditashayne.xcdatamodeld */ = {
			isa = XCVersionGroup;
			children = (
				34F1FDFB1C5EF36000633BD9 /* Meditashayne.xcdatamodel */,
			);
			currentVersion = 34F1FDFB1C5EF36000633BD9 /* Meditashayne.xcdatamodel */;
			path = Meditashayne.xcdatamodeld;
			sourceTree = "<group>";
			versionGroupType = wrapper.xcdatamodel;
		};
/* End XCVersionGroup section */
	};
	rootObject = 34F1FDE31C5EF35F00633BD9 /* Project object */;
}
